
Microsoft Visual Studio Solution File, Format Version 12.00
# Visual Studio Version 17
VisualStudioVersion = 17.8.34525.116
MinimumVisualStudioVersion = 10.0.40219.1
Project("{FAE04EC0-301F-11D3-BF4B-00C04F79EFBC}") = "ConsoleAppEmpregados", "ConsoleAppEmpregados\ConsoleAppEmpregados.csproj", "{21DDA717-14B6-44FC-ADC0-25BB0ED5F8CC}"
EndProject
Global
	GlobalSection(SolutionConfigurationPlatforms) = preSolution
		Debug|Any CPU = Debug|Any CPU
		Release|Any CPU = Release|Any CPU
	EndGlobalSection
	GlobalSection(ProjectConfigurationPlatforms) = postSolution
		{21DDA717-14B6-44FC-ADC0-25BB0ED5F8CC}.Debug|Any CPU.ActiveCfg = Debug|Any CPU
		{21DDA717-14B6-44FC-ADC0-25BB0ED5F8CC}.Debug|Any CPU.Build.0 = Debug|Any CPU
		{21DDA717-14B6-44FC-ADC0-25BB0ED5F8CC}.Release|Any CPU.ActiveCfg = Release|Any CPU
		{21DDA717-14B6-44FC-ADC0-25BB0ED5F8CC}.Release|Any CPU.Build.0 = Release|Any CPU
	EndGlobalSection
	GlobalSection(SolutionProperties) = preSolution
		HideSolutionNode = FALSE
	EndGlobalSection
	GlobalSection(ExtensibilityGlobals) = postSolution
		SolutionGuid = {87BD14BC-2B41-4D12-A34A-3EC2F8C29EB6}
	EndGlobalSection
EndGlobal
